[root]
name = "rust-snake"
version = "0.0.0"
dependencies = [
 "gfx_graphics 0.0.0 (git+https://github.com/PistonDevelopers/gfx_graphics.git#00bb9e735e317a34e767dee67a886d7d83bff879)",
 "opengl_graphics 0.0.0 (git+https://github.com/PistonDevelopers/opengl_graphics.git#c6f9b7a067d9b91eb3bda90265eeb73a1b4dc1d3)",
 "piston 0.0.0 (git+https://github.com/PistonDevelopers/piston.git#8bd0f9dfbf98dbef4ef9d66c9da877b26cdd7fec)",
 "sdl2_game_window 0.0.0 (git+https://github.com/PistonDevelopers/sdl2_game_window.git#6fac008adc79e12d93d9144d94e87ea77b713512)",
]

[[package]]
name = "cam"
version = "0.0.0"
source = "git+https://github.com/pistondevelopers/cam#82a20187d0e81b5dff399f181017c4ed542c170e"
dependencies = [
 "input 0.0.0 (git+https://github.com/PistonDevelopers/input#17ca9c4a96cf56b3c3c5c01824ee237e37542b00)",
 "vecmath 0.0.0 (git+https://github.com/PistonDevelopers/vecmath#fb14c586842e7e6e93cd02bb23e3dd4bf958e594)",
]

[[package]]
name = "device"
version = "0.1.0"
source = "git+https://github.com/gfx-rs/gfx-rs#f8ec387c26f85484266eb571d636bf9854e6ce7e"
dependencies = [
 "gfx_gl 0.1.0 (git+https://github.com/gfx-rs/gfx_gl.git#52bb510e9e76cd3c0aed7b6aa678c03059d630a6)",
]

[[package]]
name = "event"
version = "0.0.0"
source = "git+https://github.com/pistondevelopers/event#5645d65568d326bf85dd8e26afc96c0f99bed3bd"
dependencies = [
 "input 0.0.0 (git+https://github.com/PistonDevelopers/input#17ca9c4a96cf56b3c3c5c01824ee237e37542b00)",
]

[[package]]
name = "genmesh"
version = "0.1.0"
source = "git+https://github.com/csherratt/genmesh.git#8fc064208cfed8ee0f6539862a8065bab7319303"

[[package]]
name = "gfx"
version = "0.1.0"
source = "git+https://github.com/gfx-rs/gfx-rs#f8ec387c26f85484266eb571d636bf9854e6ce7e"
dependencies = [
 "device 0.1.0 (git+https://github.com/gfx-rs/gfx-rs#f8ec387c26f85484266eb571d636bf9854e6ce7e)",
 "gfx_macros 0.1.0 (git+https://github.com/gfx-rs/gfx-rs#f8ec387c26f85484266eb571d636bf9854e6ce7e)",
 "render 0.1.0 (git+https://github.com/gfx-rs/gfx-rs#f8ec387c26f85484266eb571d636bf9854e6ce7e)",
]

[[package]]
name = "gfx_gl"
version = "0.1.0"
source = "git+https://github.com/gfx-rs/gfx_gl.git#52bb510e9e76cd3c0aed7b6aa678c03059d630a6"
dependencies = [
 "gl_generator 0.0.1 (git+https://github.com/bjz/gl-rs.git#feed7be39546edb7e8781e3fbe5892caa41a5383)",
]

[[package]]
name = "gfx_graphics"
version = "0.0.0"
source = "git+https://github.com/PistonDevelopers/gfx_graphics.git#00bb9e735e317a34e767dee67a886d7d83bff879"
dependencies = [
 "gfx 0.1.0 (git+https://github.com/gfx-rs/gfx-rs#f8ec387c26f85484266eb571d636bf9854e6ce7e)",
 "gfx_macros 0.1.0 (git+https://github.com/gfx-rs/gfx-rs#f8ec387c26f85484266eb571d636bf9854e6ce7e)",
 "graphics 0.0.0 (git+https://github.com/pistondevelopers/graphics#e68d7c09b99743beb96d1dcb1753656d3fc7820b)",
 "image 0.0.0 (git+https://github.com/pistondevelopers/image#82197dabbc055c4fc19c51e42934297b1d3b70c9)",
]

[[package]]
name = "gfx_macros"
version = "0.1.0"
source = "git+https://github.com/gfx-rs/gfx-rs#f8ec387c26f85484266eb571d636bf9854e6ce7e"

[[package]]
name = "gl"
version = "0.0.1"
source = "git+https://github.com/bjz/gl-rs.git#feed7be39546edb7e8781e3fbe5892caa41a5383"
dependencies = [
 "gl_generator 0.0.1 (git+https://github.com/bjz/gl-rs.git#feed7be39546edb7e8781e3fbe5892caa41a5383)",
]

[[package]]
name = "gl_generator"
version = "0.0.1"
source = "git+https://github.com/bjz/gl-rs.git#feed7be39546edb7e8781e3fbe5892caa41a5383"
dependencies = [
 "khronos_api 0.0.1 (git+https://github.com/bjz/gl-rs.git#feed7be39546edb7e8781e3fbe5892caa41a5383)",
 "rust-xml 0.1.0 (git+https://github.com/netvl/rust-xml#f86f02b3b1c355080136b0acc322b3318c195cda)",
]

[[package]]
name = "graphics"
version = "0.0.0"
source = "git+https://github.com/pistondevelopers/graphics#e68d7c09b99743beb96d1dcb1753656d3fc7820b"
dependencies = [
 "vecmath 0.0.0 (git+https://github.com/PistonDevelopers/vecmath#fb14c586842e7e6e93cd02bb23e3dd4bf958e594)",
]

[[package]]
name = "image"
version = "0.0.0"
source = "git+https://github.com/pistondevelopers/image#82197dabbc055c4fc19c51e42934297b1d3b70c9"

[[package]]
name = "input"
version = "0.0.0"
source = "git+https://github.com/PistonDevelopers/input#17ca9c4a96cf56b3c3c5c01824ee237e37542b00"

[[package]]
name = "khronos_api"
version = "0.0.1"
source = "git+https://github.com/bjz/gl-rs.git#feed7be39546edb7e8781e3fbe5892caa41a5383"

[[package]]
name = "noise-rs"
version = "0.0.1"
source = "git+https://github.com/bjz/noise-rs#efd7125385cacae0f911032345729c8cfd98f72c"

[[package]]
name = "opengl_graphics"
version = "0.0.0"
source = "git+https://github.com/PistonDevelopers/opengl_graphics.git#c6f9b7a067d9b91eb3bda90265eeb73a1b4dc1d3"
dependencies = [
 "gl 0.0.1 (git+https://github.com/bjz/gl-rs.git#feed7be39546edb7e8781e3fbe5892caa41a5383)",
 "graphics 0.0.0 (git+https://github.com/pistondevelopers/graphics#e68d7c09b99743beb96d1dcb1753656d3fc7820b)",
 "image 0.0.0 (git+https://github.com/pistondevelopers/image#82197dabbc055c4fc19c51e42934297b1d3b70c9)",
 "shader_version 0.0.0 (git+https://github.com/pistondevelopers/shader_version#c561d15e7d3a561271222daefe073054f5d62b8c)",
]

[[package]]
name = "piston"
version = "0.0.0"
source = "git+https://github.com/PistonDevelopers/piston.git#8bd0f9dfbf98dbef4ef9d66c9da877b26cdd7fec"
dependencies = [
 "cam 0.0.0 (git+https://github.com/pistondevelopers/cam#82a20187d0e81b5dff399f181017c4ed542c170e)",
 "event 0.0.0 (git+https://github.com/pistondevelopers/event#5645d65568d326bf85dd8e26afc96c0f99bed3bd)",
 "genmesh 0.1.0 (git+https://github.com/csherratt/genmesh.git#8fc064208cfed8ee0f6539862a8065bab7319303)",
 "graphics 0.0.0 (git+https://github.com/pistondevelopers/graphics#e68d7c09b99743beb96d1dcb1753656d3fc7820b)",
 "image 0.0.0 (git+https://github.com/pistondevelopers/image#82197dabbc055c4fc19c51e42934297b1d3b70c9)",
 "input 0.0.0 (git+https://github.com/PistonDevelopers/input#17ca9c4a96cf56b3c3c5c01824ee237e37542b00)",
 "noise-rs 0.0.1 (git+https://github.com/bjz/noise-rs#efd7125385cacae0f911032345729c8cfd98f72c)",
 "shader_version 0.0.0 (git+https://github.com/pistondevelopers/shader_version#c561d15e7d3a561271222daefe073054f5d62b8c)",
 "sprite 0.0.0 (git+https://github.com/pistondevelopers/sprite#c85d22e6b2da6b453b4801d0af5d5b73f1c1905b)",
 "vecmath 0.0.0 (git+https://github.com/PistonDevelopers/vecmath#fb14c586842e7e6e93cd02bb23e3dd4bf958e594)",
]

[[package]]
name = "render"
version = "0.1.0"
source = "git+https://github.com/gfx-rs/gfx-rs#f8ec387c26f85484266eb571d636bf9854e6ce7e"
dependencies = [
 "device 0.1.0 (git+https://github.com/gfx-rs/gfx-rs#f8ec387c26f85484266eb571d636bf9854e6ce7e)",
]

[[package]]
name = "rust-xml"
version = "0.1.0"
source = "git+https://github.com/netvl/rust-xml#f86f02b3b1c355080136b0acc322b3318c195cda"

[[package]]
name = "sdl2"
version = "0.0.1-alpha.1"
source = "git+https://github.com/AngryLawyer/rust-sdl2#f034cd774c9704d33ea35513e3f26396eb1e66e2"

[[package]]
name = "sdl2_game_window"
version = "0.0.0"
source = "git+https://github.com/PistonDevelopers/sdl2_game_window.git#6fac008adc79e12d93d9144d94e87ea77b713512"
dependencies = [
 "event 0.0.0 (git+https://github.com/pistondevelopers/event#5645d65568d326bf85dd8e26afc96c0f99bed3bd)",
 "gl 0.0.1 (git+https://github.com/bjz/gl-rs.git#feed7be39546edb7e8781e3fbe5892caa41a5383)",
 "input 0.0.0 (git+https://github.com/PistonDevelopers/input#17ca9c4a96cf56b3c3c5c01824ee237e37542b00)",
 "sdl2 0.0.1-alpha.1 (git+https://github.com/AngryLawyer/rust-sdl2#f034cd774c9704d33ea35513e3f26396eb1e66e2)",
 "shader_version 0.0.0 (git+https://github.com/pistondevelopers/shader_version#c561d15e7d3a561271222daefe073054f5d62b8c)",
]

[[package]]
name = "shader_version"
version = "0.0.0"
source = "git+https://github.com/pistondevelopers/shader_version#c561d15e7d3a561271222daefe073054f5d62b8c"

[[package]]
name = "sprite"
version = "0.0.0"
source = "git+https://github.com/pistondevelopers/sprite#c85d22e6b2da6b453b4801d0af5d5b73f1c1905b"
dependencies = [
 "event 0.0.0 (git+https://github.com/pistondevelopers/event#5645d65568d326bf85dd8e26afc96c0f99bed3bd)",
 "graphics 0.0.0 (git+https://github.com/pistondevelopers/graphics#e68d7c09b99743beb96d1dcb1753656d3fc7820b)",
 "uuid 0.0.1 (git+https://github.com/rust-lang/uuid#c6159089a491ff4398c6d423263a085c95092a04)",
]

[[package]]
name = "uuid"
version = "0.0.1"
source = "git+https://github.com/rust-lang/uuid#c6159089a491ff4398c6d423263a085c95092a04"

[[package]]
name = "vecmath"
version = "0.0.0"
source = "git+https://github.com/PistonDevelopers/vecmath#fb14c586842e7e6e93cd02bb23e3dd4bf958e594"

