[root]
name = "rust-snake"
version = "0.0.0"
dependencies = [
 "current 0.0.5 (git+https://github.com/PistonDevelopers/current)",
 "gfx 0.1.5 (git+https://github.com/gfx-rs/gfx-rs)",
 "interpolation 0.0.2 (git+https://github.com/PistonDevelopers/interpolation)",
 "piston 0.0.5 (git+https://github.com/PistonDevelopers/piston)",
 "piston2d-graphics 0.0.15 (git+https://github.com/PistonDevelopers/graphics)",
 "shader_version 0.0.1 (git+https://github.com/PistonDevelopers/shader_version)",
 "start_piston 0.0.1 (git+https://github.com/bvssvni/start_piston)",
]

[[package]]
name = "android_glue"
version = "0.0.1"
source = "git+https://github.com/tomaka/android-rs-glue#d2fc41212d2a8c073c614380c7aa8c68f5c117b3"

[[package]]
name = "bitflags"
version = "0.1.1"
source = "registry+https://github.com/rust-lang/crates.io-index"

[[package]]
name = "clock_ticks"
version = "0.0.2"
source = "git+https://github.com/tomaka/clock_ticks#75347002bc4fee853b385da8d3b50fee1c146aae"

[[package]]
name = "cocoa"
version = "0.1.1"
source = "git+https://github.com/servo/rust-cocoa#acbc5ca1d874ec8c3d7609dd172274c6dda13b6d"
dependencies = [
 "bitflags 0.1.1 (registry+https://github.com/rust-lang/crates.io-index)",
 "libc 0.1.2 (registry+https://github.com/rust-lang/crates.io-index)",
]

[[package]]
name = "core_foundation"
version = "0.1.0"
source = "git+https://github.com/servo/rust-core-foundation#cc36380f9e7694395a1923a1b220222237cb66bc"
dependencies = [
 "libc 0.1.2 (registry+https://github.com/rust-lang/crates.io-index)",
]

[[package]]
name = "core_graphics"
version = "0.1.0"
source = "git+https://github.com/servo/rust-core-graphics#9434e2bda65d259f825104170b5fa6cc6dbaf5a9"
dependencies = [
 "core_foundation 0.1.0 (git+https://github.com/servo/rust-core-foundation)",
]

[[package]]
name = "current"
version = "0.0.5"
source = "git+https://github.com/PistonDevelopers/current#93b0319b035f0cde5aae8054c4dd8cd2bf9fd689"

[[package]]
name = "fps_counter"
version = "0.0.0"
source = "git+https://github.com/pistondevelopers/fps_counter#6e8bb78b8bda0c886d27ef4302776d6815b0c1ec"
dependencies = [
 "time 0.1.16 (registry+https://github.com/rust-lang/crates.io-index)",
]

[[package]]
name = "freetype-rs"
version = "0.0.6"
source = "git+https://github.com/PistonDevelopers/freetype-rs.git#b03afd3259e3ca36bf3d3dd8589b760b604e6aff"
dependencies = [
 "bitflags 0.1.1 (registry+https://github.com/rust-lang/crates.io-index)",
 "freetype-sys 0.0.3 (git+https://github.com/PistonDevelopers/freetype-sys)",
]

[[package]]
name = "freetype-sys"
version = "0.0.3"
source = "git+https://github.com/PistonDevelopers/freetype-sys#2a26c21bae00bb467366e1333bfd2ecb8012b0cf"
dependencies = [
 "libz-sys 0.1.0 (registry+https://github.com/rust-lang/crates.io-index)",
 "pkg-config 0.2.0 (registry+https://github.com/rust-lang/crates.io-index)",
]

[[package]]
name = "gcc"
version = "0.1.7"
source = "registry+https://github.com/rust-lang/crates.io-index"

[[package]]
name = "gdi32-sys"
version = "0.0.4"
source = "registry+https://github.com/rust-lang/crates.io-index"
dependencies = [
 "winapi 0.1.11 (registry+https://github.com/rust-lang/crates.io-index)",
]

[[package]]
name = "gfx"
version = "0.1.5"
source = "git+https://github.com/gfx-rs/gfx-rs#239429af40c111ae4756d312da279a39e092a207"
dependencies = [
 "gfx_device_gl 0.1.2 (git+https://github.com/gfx-rs/gfx-rs)",
 "gfx_macros 0.1.5 (git+https://github.com/gfx-rs/gfx-rs)",
 "log 0.2.3 (registry+https://github.com/rust-lang/crates.io-index)",
]

[[package]]
name = "gfx_device_gl"
version = "0.1.2"
source = "git+https://github.com/gfx-rs/gfx-rs#239429af40c111ae4756d312da279a39e092a207"
dependencies = [
 "bitflags 0.1.1 (registry+https://github.com/rust-lang/crates.io-index)",
 "gfx_gl 0.1.1 (registry+https://github.com/rust-lang/crates.io-index)",
 "libc 0.1.2 (registry+https://github.com/rust-lang/crates.io-index)",
 "log 0.2.3 (registry+https://github.com/rust-lang/crates.io-index)",
]

[[package]]
name = "gfx_gl"
version = "0.1.1"
source = "registry+https://github.com/rust-lang/crates.io-index"
dependencies = [
 "gl_common 0.0.4 (registry+https://github.com/rust-lang/crates.io-index)",
 "gl_generator 0.0.16 (registry+https://github.com/rust-lang/crates.io-index)",
 "khronos_api 0.0.5 (registry+https://github.com/rust-lang/crates.io-index)",
 "libc 0.1.2 (registry+https://github.com/rust-lang/crates.io-index)",
]

[[package]]
name = "gfx_macros"
version = "0.1.5"
source = "git+https://github.com/gfx-rs/gfx-rs#239429af40c111ae4756d312da279a39e092a207"

[[package]]
name = "gl"
version = "0.0.8"
source = "git+https://github.com/bjz/gl-rs#c522b31d21f3887c7e864276d61713e1eb20c848"
dependencies = [
 "gl_common 0.0.4 (git+https://github.com/bjz/gl-rs)",
 "gl_generator 0.0.16 (git+https://github.com/bjz/gl-rs)",
 "khronos_api 0.0.5 (git+https://github.com/bjz/gl-rs)",
 "libc 0.1.2 (registry+https://github.com/rust-lang/crates.io-index)",
]

[[package]]
name = "gl_common"
version = "0.0.4"
source = "git+https://github.com/bjz/gl-rs#c522b31d21f3887c7e864276d61713e1eb20c848"
dependencies = [
 "libc 0.1.2 (registry+https://github.com/rust-lang/crates.io-index)",
]

[[package]]
name = "gl_common"
version = "0.0.4"
source = "registry+https://github.com/rust-lang/crates.io-index"
dependencies = [
 "libc 0.1.2 (registry+https://github.com/rust-lang/crates.io-index)",
]

[[package]]
name = "gl_generator"
version = "0.0.16"
source = "git+https://github.com/bjz/gl-rs#c522b31d21f3887c7e864276d61713e1eb20c848"
dependencies = [
 "khronos_api 0.0.5 (git+https://github.com/bjz/gl-rs)",
 "log 0.2.3 (registry+https://github.com/rust-lang/crates.io-index)",
 "xml-rs 0.1.17 (registry+https://github.com/rust-lang/crates.io-index)",
]

[[package]]
name = "gl_generator"
version = "0.0.16"
source = "registry+https://github.com/rust-lang/crates.io-index"
dependencies = [
 "khronos_api 0.0.5 (registry+https://github.com/rust-lang/crates.io-index)",
 "log 0.2.3 (registry+https://github.com/rust-lang/crates.io-index)",
 "xml-rs 0.1.17 (registry+https://github.com/rust-lang/crates.io-index)",
]

[[package]]
name = "glutin"
version = "0.0.4-pre"
source = "git+https://github.com/tomaka/glutin#c62f59712a88954bc145260133636720b5097e7f"
dependencies = [
 "android_glue 0.0.1 (git+https://github.com/tomaka/android-rs-glue)",
 "cocoa 0.1.1 (git+https://github.com/servo/rust-cocoa)",
 "core_foundation 0.1.0 (git+https://github.com/servo/rust-core-foundation)",
 "core_graphics 0.1.0 (git+https://github.com/servo/rust-core-graphics)",
 "gdi32-sys 0.0.4 (registry+https://github.com/rust-lang/crates.io-index)",
 "gl_common 0.0.4 (registry+https://github.com/rust-lang/crates.io-index)",
 "gl_generator 0.0.16 (registry+https://github.com/rust-lang/crates.io-index)",
 "kernel32-sys 0.0.7 (registry+https://github.com/rust-lang/crates.io-index)",
 "khronos_api 0.0.5 (registry+https://github.com/rust-lang/crates.io-index)",
 "libc 0.1.2 (registry+https://github.com/rust-lang/crates.io-index)",
 "user32-sys 0.0.9 (registry+https://github.com/rust-lang/crates.io-index)",
 "winapi 0.1.11 (registry+https://github.com/rust-lang/crates.io-index)",
]

[[package]]
name = "image"
version = "0.2.0-alpha.9"
source = "git+https://github.com/pistondevelopers/image#22d6ff19129fb4a2c44d6388e4efa7eb20f26545"
dependencies = [
 "num 0.1.12 (git+https://github.com/rust-lang/num)",
]

[[package]]
name = "interpolation"
version = "0.0.2"
source = "git+https://github.com/PistonDevelopers/interpolation#e31859f6d63fad2469c55829e478d988b3441a76"

[[package]]
name = "kernel32-sys"
version = "0.0.7"
source = "registry+https://github.com/rust-lang/crates.io-index"
dependencies = [
 "winapi 0.1.11 (registry+https://github.com/rust-lang/crates.io-index)",
]

[[package]]
name = "khronos_api"
version = "0.0.5"
source = "git+https://github.com/bjz/gl-rs#c522b31d21f3887c7e864276d61713e1eb20c848"

[[package]]
name = "khronos_api"
version = "0.0.5"
source = "registry+https://github.com/rust-lang/crates.io-index"

[[package]]
name = "libc"
version = "0.1.2"
source = "registry+https://github.com/rust-lang/crates.io-index"

[[package]]
name = "libz-sys"
version = "0.1.0"
source = "registry+https://github.com/rust-lang/crates.io-index"
dependencies = [
 "pkg-config 0.1.7 (registry+https://github.com/rust-lang/crates.io-index)",
]

[[package]]
name = "log"
version = "0.2.3"
source = "registry+https://github.com/rust-lang/crates.io-index"

[[package]]
name = "num"
version = "0.1.12"
source = "git+https://github.com/rust-lang/num#e2f0b0d3270554d336c5908bb20a6cbbc0754e61"
dependencies = [
 "rand 0.1.2 (registry+https://github.com/rust-lang/crates.io-index)",
 "rustc-serialize 0.2.12 (registry+https://github.com/rust-lang/crates.io-index)",
]

[[package]]
name = "piston"
version = "0.0.5"
source = "git+https://github.com/PistonDevelopers/piston#a1f95c234d734ceeeb32bb7bc4472a0126811804"
dependencies = [
 "pistoncore-event 0.0.8 (git+https://github.com/pistondevelopers/event)",
 "pistoncore-input 0.0.5 (git+https://github.com/pistondevelopers/input)",
 "pistoncore-window 0.0.7 (git+https://github.com/pistondevelopers/window)",
 "quack 0.0.10 (git+https://github.com/pistondevelopers/quack)",
]

[[package]]
name = "piston-gfx_texture"
version = "0.0.2"
source = "git+https://github.com/pistondevelopers/gfx_texture#7e6eaec79d3e84eb064b724c7ae9a97bf3ec5bbd"
dependencies = [
 "gfx 0.1.5 (git+https://github.com/gfx-rs/gfx-rs)",
 "image 0.2.0-alpha.9 (git+https://github.com/pistondevelopers/image)",
 "piston-texture 0.0.1 (git+https://github.com/pistondevelopers/texture)",
]

[[package]]
name = "piston-texture"
version = "0.0.1"
source = "git+https://github.com/pistondevelopers/texture#0380876cec71e384841d5a06ad32cb462c97be20"

[[package]]
name = "piston2d-gfx_graphics"
version = "0.0.2"
source = "git+https://github.com/pistondevelopers/gfx_graphics#dc2ce7b9265d3c31669d65963d66d9f27a6eb9b2"
dependencies = [
 "gfx 0.1.5 (git+https://github.com/gfx-rs/gfx-rs)",
 "gfx_macros 0.1.5 (git+https://github.com/gfx-rs/gfx-rs)",
 "image 0.2.0-alpha.9 (git+https://github.com/pistondevelopers/image)",
 "piston-gfx_texture 0.0.2 (git+https://github.com/pistondevelopers/gfx_texture)",
 "piston2d-graphics 0.0.15 (git+https://github.com/PistonDevelopers/graphics)",
]

[[package]]
name = "piston2d-graphics"
version = "0.0.15"
source = "git+https://github.com/PistonDevelopers/graphics#a5c14656f1f5b5a104d111ba64e255eb86dc1772"
dependencies = [
 "interpolation 0.0.2 (git+https://github.com/PistonDevelopers/interpolation)",
 "piston-texture 0.0.1 (git+https://github.com/pistondevelopers/texture)",
 "quack 0.0.10 (git+https://github.com/pistondevelopers/quack)",
 "read_color 0.0.2 (git+https://github.com/PistonDevelopers/read_color)",
 "vecmath 0.0.3 (git+https://github.com/PistonDevelopers/vecmath)",
]

[[package]]
name = "piston2d-opengl_graphics"
version = "0.0.6"
source = "git+https://github.com/pistondevelopers/opengl_graphics#5d5a02f341468116c335e8673bd965b32c8e2ce6"
dependencies = [
 "freetype-rs 0.0.6 (git+https://github.com/PistonDevelopers/freetype-rs.git)",
 "gl 0.0.8 (git+https://github.com/bjz/gl-rs)",
 "image 0.2.0-alpha.9 (git+https://github.com/pistondevelopers/image)",
 "khronos_api 0.0.5 (registry+https://github.com/rust-lang/crates.io-index)",
 "libc 0.1.2 (registry+https://github.com/rust-lang/crates.io-index)",
 "piston-texture 0.0.1 (git+https://github.com/pistondevelopers/texture)",
 "piston2d-graphics 0.0.15 (git+https://github.com/PistonDevelopers/graphics)",
 "shader_version 0.0.1 (git+https://github.com/PistonDevelopers/shader_version)",
]

[[package]]
name = "pistoncore-event"
version = "0.0.8"
source = "git+https://github.com/pistondevelopers/event#96afe0074416bf22478149b6a17979d633fc4375"
dependencies = [
 "pistoncore-event_loop 0.0.10 (git+https://github.com/pistondevelopers/event_loop)",
 "pistoncore-input 0.0.5 (git+https://github.com/pistondevelopers/input)",
 "pistoncore-window 0.0.7 (git+https://github.com/pistondevelopers/window)",
]

[[package]]
name = "pistoncore-event_loop"
version = "0.0.10"
source = "git+https://github.com/pistondevelopers/event_loop#50dc05477eaccb3b64535cd17eae26e9108bd703"
dependencies = [
 "clock_ticks 0.0.2 (git+https://github.com/tomaka/clock_ticks)",
 "quack 0.0.10 (git+https://github.com/pistondevelopers/quack)",
]

[[package]]
name = "pistoncore-glutin_window"
version = "0.0.2"
source = "git+https://github.com/pistondevelopers/glutin_window#1c2ffe7c86bb053f20a94d8e934afb12edcf113b"
dependencies = [
 "gl 0.0.8 (git+https://github.com/bjz/gl-rs)",
 "glutin 0.0.4-pre (git+https://github.com/tomaka/glutin)",
 "pistoncore-input 0.0.5 (git+https://github.com/pistondevelopers/input)",
 "pistoncore-window 0.0.7 (git+https://github.com/pistondevelopers/window)",
 "quack 0.0.10 (git+https://github.com/pistondevelopers/quack)",
 "shader_version 0.0.1 (git+https://github.com/PistonDevelopers/shader_version)",
]

[[package]]
name = "pistoncore-input"
version = "0.0.5"
source = "git+https://github.com/pistondevelopers/input#ce3ba43c2757b20a8fc5b92e9ec388e927c451dd"
dependencies = [
 "bitflags 0.1.1 (registry+https://github.com/rust-lang/crates.io-index)",
 "rustc-serialize 0.2.12 (registry+https://github.com/rust-lang/crates.io-index)",
]

[[package]]
name = "pistoncore-window"
version = "0.0.7"
source = "git+https://github.com/pistondevelopers/window#2e743eb16a74fc8577c5779a86b6eed20fe470fd"
dependencies = [
 "pistoncore-event_loop 0.0.10 (git+https://github.com/pistondevelopers/event_loop)",
 "pistoncore-input 0.0.5 (git+https://github.com/pistondevelopers/input)",
 "quack 0.0.10 (git+https://github.com/pistondevelopers/quack)",
]

[[package]]
name = "pkg-config"
version = "0.1.7"
source = "registry+https://github.com/rust-lang/crates.io-index"

[[package]]
name = "pkg-config"
version = "0.2.0"
source = "registry+https://github.com/rust-lang/crates.io-index"

[[package]]
name = "quack"
version = "0.0.10"
source = "git+https://github.com/pistondevelopers/quack#f0336126611d352a529ffd4e86134a7a6bcc5318"

[[package]]
name = "rand"
version = "0.1.2"
source = "registry+https://github.com/rust-lang/crates.io-index"
dependencies = [
 "libc 0.1.2 (registry+https://github.com/rust-lang/crates.io-index)",
 "log 0.2.3 (registry+https://github.com/rust-lang/crates.io-index)",
]

[[package]]
name = "read_color"
version = "0.0.2"
source = "git+https://github.com/PistonDevelopers/read_color#568723fb7d9a69833e1d5a5ec79ded8ce9562920"

[[package]]
name = "rustc-serialize"
version = "0.2.12"
source = "registry+https://github.com/rust-lang/crates.io-index"

[[package]]
name = "shader_version"
version = "0.0.1"
source = "git+https://github.com/PistonDevelopers/shader_version#2186fb2098bb0d6aabf8e0ffc27ebbf16ca8f9d7"

[[package]]
name = "start_piston"
version = "0.0.1"
source = "git+https://github.com/bvssvni/start_piston#be72cb01e71442eadbc751e6b13b6338406d90de"
dependencies = [
 "current 0.0.5 (git+https://github.com/PistonDevelopers/current)",
 "fps_counter 0.0.0 (git+https://github.com/pistondevelopers/fps_counter)",
 "gfx 0.1.5 (git+https://github.com/gfx-rs/gfx-rs)",
 "glutin 0.0.4-pre (git+https://github.com/tomaka/glutin)",
 "libc 0.1.2 (registry+https://github.com/rust-lang/crates.io-index)",
 "piston 0.0.5 (git+https://github.com/PistonDevelopers/piston)",
 "piston2d-gfx_graphics 0.0.2 (git+https://github.com/pistondevelopers/gfx_graphics)",
 "piston2d-graphics 0.0.15 (git+https://github.com/PistonDevelopers/graphics)",
 "piston2d-opengl_graphics 0.0.6 (git+https://github.com/pistondevelopers/opengl_graphics)",
 "pistoncore-glutin_window 0.0.2 (git+https://github.com/pistondevelopers/glutin_window)",
 "shader_version 0.0.1 (git+https://github.com/PistonDevelopers/shader_version)",
]

[[package]]
name = "time"
version = "0.1.16"
source = "registry+https://github.com/rust-lang/crates.io-index"
dependencies = [
 "gcc 0.1.7 (registry+https://github.com/rust-lang/crates.io-index)",
 "libc 0.1.2 (registry+https://github.com/rust-lang/crates.io-index)",
]

[[package]]
name = "user32-sys"
version = "0.0.9"
source = "registry+https://github.com/rust-lang/crates.io-index"
dependencies = [
 "winapi 0.1.11 (registry+https://github.com/rust-lang/crates.io-index)",
]

[[package]]
name = "vecmath"
version = "0.0.3"
source = "git+https://github.com/PistonDevelopers/vecmath#3080ca140d4f856b7a6ca44f88208dfacce7809c"

[[package]]
name = "winapi"
version = "0.1.11"
source = "registry+https://github.com/rust-lang/crates.io-index"
dependencies = [
 "libc 0.1.2 (registry+https://github.com/rust-lang/crates.io-index)",
]

[[package]]
name = "xml-rs"
version = "0.1.17"
source = "registry+https://github.com/rust-lang/crates.io-index"
dependencies = [
 "bitflags 0.1.1 (registry+https://github.com/rust-lang/crates.io-index)",
]

